
Microsoft Visual Studio Solution File, Format Version 12.00
# Visual Studio Version 16
VisualStudioVersion = 16.0.29709.97
MinimumVisualStudioVersion = 10.0.40219.1
Project("{FAE04EC0-301F-11D3-BF4B-00C04F79EFBC}") = "Exercise2", "Exercise2\Exercise2.csproj", "{554AFF62-7F69-43EA-BD71-64F5EA66B9E5}"
EndProject
Global
	GlobalSection(SolutionConfigurationPlatforms) = preSolution
		Debug|Any CPU = Debug|Any CPU
		Release|Any CPU = Release|Any CPU
	EndGlobalSection
	GlobalSection(ProjectConfigurationPlatforms) = postSolution
		{554AFF62-7F69-43EA-BD71-64F5EA66B9E5}.Debug|Any CPU.ActiveCfg = Debug|Any CPU
		{554AFF62-7F69-43EA-BD71-64F5EA66B9E5}.Debug|Any CPU.Build.0 = Debug|Any CPU
		{554AFF62-7F69-43EA-BD71-64F5EA66B9E5}.Release|Any CPU.ActiveCfg = Release|Any CPU
		{554AFF62-7F69-43EA-BD71-64F5EA66B9E5}.Release|Any CPU.Build.0 = Release|Any CPU
	EndGlobalSection
	GlobalSection(SolutionProperties) = preSolution
		HideSolutionNode = FALSE
	EndGlobalSection
	GlobalSection(ExtensibilityGlobals) = postSolution
		SolutionGuid = {AE8746B0-96CA-44F2-8668-1B5263E43CC6}
	EndGlobalSection
EndGlobal
